
Microsoft Visual Studio Solution File, Format Version 12.00
# Visual Studio Version 17
VisualStudioVersion = 17.0.32126.317
MinimumVisualStudioVersion = 10.0.40219.1
Project("{FAE04EC0-301F-11D3-BF4B-00C04F79EFBC}") = "AlgorithmicPathfinding", "AlgorithmicPathfinding.csproj", "{AC999C77-1149-4E21-98AE-20919D439D52}"
EndProject
Global
	GlobalSection(SolutionConfigurationPlatforms) = preSolution
		Debug|Any CPU = Debug|Any CPU
		Release|Any CPU = Release|Any CPU
	EndGlobalSection
	GlobalSection(ProjectConfigurationPlatforms) = postSolution
		{AC999C77-1149-4E21-98AE-20919D439D52}.Debug|Any CPU.ActiveCfg = Debug|Any CPU
		{AC999C77-1149-4E21-98AE-20919D439D52}.Debug|Any CPU.Build.0 = Debug|Any CPU
		{AC999C77-1149-4E21-98AE-20919D439D52}.Release|Any CPU.ActiveCfg = Release|Any CPU
		{AC999C77-1149-4E21-98AE-20919D439D52}.Release|Any CPU.Build.0 = Release|Any CPU
	EndGlobalSection
	GlobalSection(SolutionProperties) = preSolution
		HideSolutionNode = FALSE
	EndGlobalSection
	GlobalSection(ExtensibilityGlobals) = postSolution
		SolutionGuid = {A906B874-7A8C-441A-8B7A-318624A5FE82}
	EndGlobalSection
EndGlobal
