
Microsoft Visual Studio Solution File, Format Version 12.00
# Visual Studio Version 17
VisualStudioVersion = 17.0.32126.317
MinimumVisualStudioVersion = 10.0.40219.1
Project("{FAE04EC0-301F-11D3-BF4B-00C04F79EFBC}") = "IAI-Assignment1", "IAI-Assignment1.csproj", "{83F39CE0-26FF-443D-AFA4-33CBADE402FB}"
EndProject
Global
	GlobalSection(SolutionConfigurationPlatforms) = preSolution
		Debug|Any CPU = Debug|Any CPU
		Release|Any CPU = Release|Any CPU
	EndGlobalSection
	GlobalSection(ProjectConfigurationPlatforms) = postSolution
		{83F39CE0-26FF-443D-AFA4-33CBADE402FB}.Debug|Any CPU.ActiveCfg = Debug|Any CPU
		{83F39CE0-26FF-443D-AFA4-33CBADE402FB}.Debug|Any CPU.Build.0 = Debug|Any CPU
		{83F39CE0-26FF-443D-AFA4-33CBADE402FB}.Release|Any CPU.ActiveCfg = Release|Any CPU
		{83F39CE0-26FF-443D-AFA4-33CBADE402FB}.Release|Any CPU.Build.0 = Release|Any CPU
	EndGlobalSection
	GlobalSection(SolutionProperties) = preSolution
		HideSolutionNode = FALSE
	EndGlobalSection
	GlobalSection(ExtensibilityGlobals) = postSolution
		SolutionGuid = {C75CED8F-0114-4068-A76E-34DF3809D498}
	EndGlobalSection
EndGlobal
